<?xml version="1.0" encoding="utf-8"?>
<Project ToolsVersion="12.0" xmlns="http://schemas.microsoft.com/developer/msbuild/2003">
  <ItemGroup>
    <ClCompile Include="D:\Work\sourceCode\CustomisedActuator\CustomSo.cpp">
      <Filter>Source Files</Filter>
    </ClCompile>
    <ClCompile Include="main.cpp">
      <Filter>Source Files</Filter>
    </ClCompile>
    <ClCompile Include="Trial.cpp">
      <Filter>Source Files</Filter>
    </ClCompile>
    <ClCompile Include="graph.cpp">
      <Filter>Source Files</Filter>
    </ClCompile>
    <ClCompile Include="pgmActuator.cpp">
      <Filter>Source Files</Filter>
    </ClCompile>
    <ClCompile Include="pendulum.cpp">
      <Filter>Source Files</Filter>
    </ClCompile>
  </ItemGroup>
  <ItemGroup>
    <ClInclude Include="D:\Work\sourceCode\CustomisedActuator\CustomSo.h">
      <Filter>Header Files</Filter>
    </ClInclude>
    <ClInclude Include="Trial.h">
      <Filter>Header Files</Filter>
    </ClInclude>
    <ClInclude Include="Header.h">
      <Filter>Header Files</Filter>
    </ClInclude>
    <ClInclude Include="graph.h">
      <Filter>Header Files</Filter>
    </ClInclude>
    <ClInclude Include="pgmActuator.h">
      <Filter>Header Files</Filter>
    </ClInclude>
    <ClInclude Include="pendulum.h">
      <Filter>Header Files</Filter>
    </ClInclude>
  </ItemGroup>
  <ItemGroup>
    <CustomBuild Include="D:\Work\sourceCode\CustomisedActuator\CMakeLists.txt" />
  </ItemGroup>
  <ItemGroup>
    <Filter Include="Source Files">
      <UniqueIdentifier>{701241E6-405C-3C97-B7F9-42CA050B187F}</UniqueIdentifier>
    </Filter>
    <Filter Include="Header Files">
      <UniqueIdentifier>{759DFD1A-600F-361D-9F1C-752E3987785E}</UniqueIdentifier>
    </Filter>
  </ItemGroup>
</Project>